lockfileVersion: '6.0'

settings:
  autoInstallPeers: true
  excludeLinksFromLockfile: false

dependencies:
  sentiment:
    specifier: ^5.0.2
    version: 5.0.2

packages:

  /sentiment@5.0.2:
    resolution: {integrity: sha512-ZeC3y0JsOYTdwujt5uOd7ILJNilbgFzUtg/LEG4wUv43LayFNLZ28ec8+Su+h3saHlJmIwYxBzfDHHZuiMA15g==}
    engines: {node: '>=8.0'}
    dev: false
